
Microsoft Visual Studio Solution File, Format Version 12.00
# Visual Studio Version 16
VisualStudioVersion = 16.0.30711.63
MinimumVisualStudioVersion = 10.0.40219.1
Project("{FAE04EC0-301F-11D3-BF4B-00C04F79EFBC}") = "BComm.PM.Web", "BComm.PM.Web\BComm.PM.Web.csproj", "{2F0CD3E3-1331-439E-AD41-3A2047F71C24}"
EndProject
Project("{FAE04EC0-301F-11D3-BF4B-00C04F79EFBC}") = "BComm.PM.Repositories", "BComm.PM.Repositories\BComm.PM.Repositories.csproj", "{C57C7C74-0984-472B-B1D0-C9AC452DDE79}"
EndProject
Project("{FAE04EC0-301F-11D3-BF4B-00C04F79EFBC}") = "BComm.PM.Models", "BComm.PM.Models\BComm.PM.Models.csproj", "{336F5B86-E614-43DF-B29C-1F864BF55CF4}"
EndProject
Global
	GlobalSection(SolutionConfigurationPlatforms) = preSolution
		Debug|Any CPU = Debug|Any CPU
		Release|Any CPU = Release|Any CPU
	EndGlobalSection
	GlobalSection(ProjectConfigurationPlatforms) = postSolution
		{2F0CD3E3-1331-439E-AD41-3A2047F71C24}.Debug|Any CPU.ActiveCfg = Debug|Any CPU
		{2F0CD3E3-1331-439E-AD41-3A2047F71C24}.Debug|Any CPU.Build.0 = Debug|Any CPU
		{2F0CD3E3-1331-439E-AD41-3A2047F71C24}.Release|Any CPU.ActiveCfg = Release|Any CPU
		{2F0CD3E3-1331-439E-AD41-3A2047F71C24}.Release|Any CPU.Build.0 = Release|Any CPU
		{C57C7C74-0984-472B-B1D0-C9AC452DDE79}.Debug|Any CPU.ActiveCfg = Debug|Any CPU
		{C57C7C74-0984-472B-B1D0-C9AC452DDE79}.Debug|Any CPU.Build.0 = Debug|Any CPU
		{C57C7C74-0984-472B-B1D0-C9AC452DDE79}.Release|Any CPU.ActiveCfg = Release|Any CPU
		{C57C7C74-0984-472B-B1D0-C9AC452DDE79}.Release|Any CPU.Build.0 = Release|Any CPU
		{336F5B86-E614-43DF-B29C-1F864BF55CF4}.Debug|Any CPU.ActiveCfg = Debug|Any CPU
		{336F5B86-E614-43DF-B29C-1F864BF55CF4}.Debug|Any CPU.Build.0 = Debug|Any CPU
		{336F5B86-E614-43DF-B29C-1F864BF55CF4}.Release|Any CPU.ActiveCfg = Release|Any CPU
		{336F5B86-E614-43DF-B29C-1F864BF55CF4}.Release|Any CPU.Build.0 = Release|Any CPU
	EndGlobalSection
	GlobalSection(SolutionProperties) = preSolution
		HideSolutionNode = FALSE
	EndGlobalSection
	GlobalSection(ExtensibilityGlobals) = postSolution
		SolutionGuid = {2A789232-F12C-43EC-B7FE-3E84405F24C3}
	EndGlobalSection
EndGlobal
